// !$*UTF8*$!
{
	archiveVersion = 1;
	classes = {
	};
	objectVersion = 46;
	objects = {

/* Begin PBXBuildFile section */
		187D17B81B42437200E20007 /* main.m in Sources */ = {isa = PBXBuildFile; fileRef = 187D17B71B42437200E20007 /* main.m */; };
		187D17BB1B42437200E20007 /* AppDelegate.m in Sources */ = {isa = PBXBuildFile; fileRef = 187D17BA1B42437200E20007 /* AppDelegate.m */; };
		187D17BE1B42437200E20007 /* ViewController.m in Sources */ = {isa = PBXBuildFile; fileRef = 187D17BD1B42437200E20007 /* ViewController.m */; };
		187D17C11B42437200E20007 /* Main.storyboard in Resources */ = {isa = PBXBuildFile; fileRef = 187D17BF1B42437200E20007 /* Main.storyboard */; };
		187D17C31B42437200E20007 /* Images.xcassets in Resources */ = {isa = PBXBuildFile; fileRef = 187D17C21B42437200E20007 /* Images.xcassets */; };
		187D17C61B42437200E20007 /* LaunchScreen.xib in Resources */ = {isa = PBXBuildFile; fileRef = 187D17C41B42437200E20007 /* LaunchScreen.xib */; };
		187D17D21B42437200E20007 /* HySideScrollingImagePickerTests.m in Sources */ = {isa = PBXBuildFile; fileRef = 187D17D11B42437200E20007 /* HySideScrollingImagePickerTests.m */; };
		187D17E91B42444500E20007 /* AssetsLibraryD.m in Sources */ = {isa = PBXBuildFile; fileRef = 187D17DF1B42444500E20007 /* AssetsLibraryD.m */; };
		187D17EA1B42444500E20007 /* HCollectionViewCell.m in Sources */ = {isa = PBXBuildFile; fileRef = 187D17E11B42444500E20007 /* HCollectionViewCell.m */; };
		187D17EB1B42444500E20007 /* HySideScrollingImagePicker.m in Sources */ = {isa = PBXBuildFile; fileRef = 187D17E31B42444500E20007 /* HySideScrollingImagePicker.m */; };
		187D17EC1B42444500E20007 /* SideScrollingCheckCell.m in Sources */ = {isa = PBXBuildFile; fileRef = 187D17E51B42444500E20007 /* SideScrollingCheckCell.m */; };
		187D17ED1B42444500E20007 /* SideScrollingLayout.m in Sources */ = {isa = PBXBuildFile; fileRef = 187D17E71B42444500E20007 /* SideScrollingLayout.m */; };
		187D17EF1B42445400E20007 /* ImageResources.bundle in Resources */ = {isa = PBXBuildFile; fileRef = 187D17EE1B42445400E20007 /* ImageResources.bundle */; };
/* End PBXBuildFile section */

/* Begin PBXContainerItemProxy section */
		187D17CC1B42437200E20007 /* PBXContainerItemProxy */ = {
			isa = PBXContainerItemProxy;
			containerPortal = 187D17AA1B42437200E20007 /* Project object */;
			proxyType = 1;
			remoteGlobalIDString = 187D17B11B42437200E20007;
			remoteInfo = HySideScrollingImagePicker;
		};
/* End PBXContainerItemProxy section */

/* Begin PBXFileReference section */
		187D17B21B42437200E20007 /* HySideScrollingImagePicker.app */ = {isa = PBXFileReference; explicitFileType = wrapper.application; includeInIndex = 0; path = HySideScrollingImagePicker.app; sourceTree = BUILT_PRODUCTS_DIR; };
		187D17B61B42437200E20007 /* Info.plist */ = {isa = PBXFileReference; lastKnownFileType = text.plist.xml; path = Info.plist; sourceTree = "<group>"; };
		187D17B71B42437200E20007 /* main.m */ = {isa = PBXFileReference; lastKnownFileType = sourcecode.c.objc; path = main.m; sourceTree = "<group>"; };
		187D17B91B42437200E20007 /* AppDelegate.h */ = {isa = PBXFileReference; lastKnownFileType = sourcecode.c.h; path = AppDelegate.h; sourceTree = "<group>"; };
		187D17BA1B42437200E20007 /* AppDelegate.m */ = {isa = PBXFileReference; lastKnownFileType = sourcecode.c.objc; path = AppDelegate.m; sourceTree = "<group>"; };
		187D17BC1B42437200E20007 /* ViewController.h */ = {isa = PBXFileReference; lastKnownFileType = sourcecode.c.h; path = ViewController.h; sourceTree = "<group>"; };
		187D17BD1B42437200E20007 /* ViewController.m */ = {isa = PBXFileReference; lastKnownFileType = sourcecode.c.objc; path = ViewController.m; sourceTree = "<group>"; };
		187D17C01B42437200E20007 /* Base */ = {isa = PBXFileReference; lastKnownFileType = file.storyboard; name = Base; path = Base.lproj/Main.storyboard; sourceTree = "<group>"; };
		187D17C21B42437200E20007 /* Images.xcassets */ = {isa = PBXFileReference; lastKnownFileType = folder.assetcatalog; path = Images.xcassets; sourceTree = "<group>"; };
		187D17C51B42437200E20007 /* Base */ = {isa = PBXFileReference; lastKnownFileType = file.xib; name = Base; path = Base.lproj/LaunchScreen.xib; sourceTree = "<group>"; };
		187D17CB1B42437200E20007 /* HySideScrollingImagePickerTests.xctest */ = {isa = PBXFileReference; explicitFileType = wrapper.cfbundle; includeInIndex = 0; path = HySideScrollingImagePickerTests.xctest; sourceTree = BUILT_PRODUCTS_DIR; };
		187D17D01B42437200E20007 /* Info.plist */ = {isa = PBXFileReference; lastKnownFileType = text.plist.xml; path = Info.plist; sourceTree = "<group>"; };
		187D17D11B42437200E20007 /* HySideScrollingImagePickerTests.m */ = {isa = PBXFileReference; lastKnownFileType = sourcecode.c.objc; path = HySideScrollingImagePickerTests.m; sourceTree = "<group>"; };
		187D17DE1B42444500E20007 /* AssetsLibraryD.h */ = {isa = PBXFileReference; fileEncoding = 4; lastKnownFileType = sourcecode.c.h; path = AssetsLibraryD.h; sourceTree = "<group>"; };
		187D17DF1B42444500E20007 /* AssetsLibraryD.m */ = {isa = PBXFileReference; fileEncoding = 4; lastKnownFileType = sourcecode.c.objc; path = AssetsLibraryD.m; sourceTree = "<group>"; };
		187D17E01B42444500E20007 /* HCollectionViewCell.h */ = {isa = PBXFileReference; fileEncoding = 4; lastKnownFileType = sourcecode.c.h; path = HCollectionViewCell.h; sourceTree = "<group>"; };
		187D17E11B42444500E20007 /* HCollectionViewCell.m */ = {isa = PBXFileReference; fileEncoding = 4; lastKnownFileType = sourcecode.c.objc; path = HCollectionViewCell.m; sourceTree = "<group>"; };
		187D17E21B42444500E20007 /* HySideScrollingImagePicker.h */ = {isa = PBXFileReference; fileEncoding = 4; lastKnownFileType = sourcecode.c.h; path = HySideScrollingImagePicker.h; sourceTree = "<group>"; };
		187D17E31B42444500E20007 /* HySideScrollingImagePicker.m */ = {isa = PBXFileReference; fileEncoding = 4; lastKnownFileType = sourcecode.c.objc; path = HySideScrollingImagePicker.m; sourceTree = "<group>"; };
		187D17E41B42444500E20007 /* SideScrollingCheckCell.h */ = {isa = PBXFileReference; fileEncoding = 4; lastKnownFileType = sourcecode.c.h; path = SideScrollingCheckCell.h; sourceTree = "<group>"; };
		187D17E51B42444500E20007 /* SideScrollingCheckCell.m */ = {isa = PBXFileReference; fileEncoding = 4; lastKnownFileType = sourcecode.c.objc; path = SideScrollingCheckCell.m; sourceTree = "<group>"; };
		187D17E61B42444500E20007 /* SideScrollingLayout.h */ = {isa = PBXFileReference; fileEncoding = 4; lastKnownFileType = sourcecode.c.h; path = SideScrollingLayout.h; sourceTree = "<group>"; };
		187D17E71B42444500E20007 /* SideScrollingLayout.m */ = {isa = PBXFileReference; fileEncoding = 4; lastKnownFileType = sourcecode.c.objc; path = SideScrollingLayout.m; sourceTree = "<group>"; };
		187D17EE1B42445400E20007 /* ImageResources.bundle */ = {isa = PBXFileReference; lastKnownFileType = "wrapper.plug-in"; path = ImageResources.bundle; sourceTree = "<group>"; };
/* End PBXFileReference section */

/* Begin PBXFrameworksBuildPhase section */
		187D17AF1B42437200E20007 /* Frameworks */ = {
			isa = PBXFrameworksBuildPhase;
			buildActionMask = 2147483647;
			files = (
			);
			runOnlyForDeploymentPostprocessing = 0;
		};
		187D17C81B42437200E20007 /* Frameworks */ = {
			isa = PBXFrameworksBuildPhase;
			buildActionMask = 2147483647;
			files = (
			);
			runOnlyForDeploymentPostprocessing = 0;
		};
/* End PBXFrameworksBuildPhase section */

/* Begin PBXGroup section */
		187D17A91B42437200E20007 = {
			isa = PBXGroup;
			children = (
				187D17B41B42437200E20007 /* HySideScrollingImagePicker */,
				187D17CE1B42437200E20007 /* HySideScrollingImagePickerTests */,
				187D17B31B42437200E20007 /* Products */,
			);
			sourceTree = "<group>";
		};
		187D17B31B42437200E20007 /* Products */ = {
			isa = PBXGroup;
			children = (
				187D17B21B42437200E20007 /* HySideScrollingImagePicker.app */,
				187D17CB1B42437200E20007 /* HySideScrollingImagePickerTests.xctest */,
			);
			name = Products;
			sourceTree = "<group>";
		};
		187D17B41B42437200E20007 /* HySideScrollingImagePicker */ = {
			isa = PBXGroup;
			children = (
				187D17DB1B42443100E20007 /* HySideScrollingImagePickerClass */,
				187D17B91B42437200E20007 /* AppDelegate.h */,
				187D17BA1B42437200E20007 /* AppDelegate.m */,
				187D17BC1B42437200E20007 /* ViewController.h */,
				187D17BD1B42437200E20007 /* ViewController.m */,
				187D17BF1B42437200E20007 /* Main.storyboard */,
				187D17C21B42437200E20007 /* Images.xcassets */,
				187D17C41B42437200E20007 /* LaunchScreen.xib */,
				187D17B51B42437200E20007 /* Supporting Files */,
			);
			path = HySideScrollingImagePicker;
			sourceTree = "<group>";
		};
		187D17B51B42437200E20007 /* Supporting Files */ = {
			isa = PBXGroup;
			children = (
				187D17B61B42437200E20007 /* Info.plist */,
				187D17B71B42437200E20007 /* main.m */,
			);
			name = "Supporting Files";
			sourceTree = "<group>";
		};
		187D17CE1B42437200E20007 /* HySideScrollingImagePickerTests */ = {
			isa = PBXGroup;
			children = (
				187D17D11B42437200E20007 /* HySideScrollingImagePickerTests.m */,
				187D17CF1B42437200E20007 /* Supporting Files */,
			);
			path = HySideScrollingImagePickerTests;
			sourceTree = "<group>";
		};
		187D17CF1B42437200E20007 /* Supporting Files */ = {
			isa = PBXGroup;
			children = (
				187D17D01B42437200E20007 /* Info.plist */,
			);
			name = "Supporting Files";
			sourceTree = "<group>";
		};
		187D17DB1B42443100E20007 /* HySideScrollingImagePickerClass */ = {
			isa = PBXGroup;
			children = (
				187D17DD1B42444500E20007 /* ALAssetsLibrary */,
				187D17EE1B42445400E20007 /* ImageResources.bundle */,
				187D17E01B42444500E20007 /* HCollectionViewCell.h */,
				187D17E11B42444500E20007 /* HCollectionViewCell.m */,
				187D17E21B42444500E20007 /* HySideScrollingImagePicker.h */,
				187D17E31B42444500E20007 /* HySideScrollingImagePicker.m */,
				187D17E41B42444500E20007 /* SideScrollingCheckCell.h */,
				187D17E51B42444500E20007 /* SideScrollingCheckCell.m */,
				187D17E61B42444500E20007 /* SideScrollingLayout.h */,
				187D17E71B42444500E20007 /* SideScrollingLayout.m */,
			);
			name = HySideScrollingImagePickerClass;
			sourceTree = "<group>";
		};
		187D17DD1B42444500E20007 /* ALAssetsLibrary */ = {
			isa = PBXGroup;
			children = (
				187D17DE1B42444500E20007 /* AssetsLibraryD.h */,
				187D17DF1B42444500E20007 /* AssetsLibraryD.m */,
			);
			path = ALAssetsLibrary;
			sourceTree = "<group>";
		};
/* End PBXGroup section */

/* Begin PBXNativeTarget section */
		187D17B11B42437200E20007 /* HySideScrollingImagePicker */ = {
			isa = PBXNativeTarget;
			buildConfigurationList = 187D17D51B42437200E20007 /* Build configuration list for PBXNativeTarget "HySideScrollingImagePicker" */;
			buildPhases = (
				187D17AE1B42437200E20007 /* Sources */,
				187D17AF1B42437200E20007 /* Frameworks */,
				187D17B01B42437200E20007 /* Resources */,
			);
			buildRules = (
			);
			dependencies = (
			);
			name = HySideScrollingImagePicker;
			productName = HySideScrollingImagePicker;
			productReference = 187D17B21B42437200E20007 /* HySideScrollingImagePicker.app */;
			productType = "com.apple.product-type.application";
		};
		187D17CA1B42437200E20007 /* HySideScrollingImagePickerTests */ = {
			isa = PBXNativeTarget;
			buildConfigurationList = 187D17D81B42437200E20007 /* Build configuration list for PBXNativeTarget "HySideScrollingImagePickerTests" */;
			buildPhases = (
				187D17C71B42437200E20007 /* Sources */,
				187D17C81B42437200E20007 /* Frameworks */,
				187D17C91B42437200E20007 /* Resources */,
			);
			buildRules = (
			);
			dependencies = (
				187D17CD1B42437200E20007 /* PBXTargetDependency */,
			);
			name = HySideScrollingImagePickerTests;
			productName = HySideScrollingImagePickerTests;
			productReference = 187D17CB1B42437200E20007 /* HySideScrollingImagePickerTests.xctest */;
			productType = "com.apple.product-type.bundle.unit-test";
		};
/* End PBXNativeTarget section */

/* Begin PBXProject section */
		187D17AA1B42437200E20007 /* Project object */ = {
			isa = PBXProject;
			attributes = {
				LastUpgradeCheck = 0630;
				ORGANIZATIONNAME = Apple;
				TargetAttributes = {
					187D17B11B42437200E20007 = {
						CreatedOnToolsVersion = 6.3.1;
					};
					187D17CA1B42437200E20007 = {
						CreatedOnToolsVersion = 6.3.1;
						TestTargetID = 187D17B11B42437200E20007;
					};
				};
			};
			buildConfigurationList = 187D17AD1B42437200E20007 /* Build configuration list for PBXProject "HySideScrollingImagePicker" */;
			compatibilityVersion = "Xcode 3.2";
			developmentRegion = English;
			hasScannedForEncodings = 0;
			knownRegions = (
				en,
				Base,
			);
			mainGroup = 187D17A91B42437200E20007;
			productRefGroup = 187D17B31B42437200E20007 /* Products */;
			projectDirPath = "";
			projectRoot = "";
			targets = (
				187D17B11B42437200E20007 /* HySideScrollingImagePicker */,
				187D17CA1B42437200E20007 /* HySideScrollingImagePickerTests */,
			);
		};
/* End PBXProject section */

/* Begin PBXResourcesBuildPhase section */
		187D17B01B42437200E20007 /* Resources */ = {
			isa = PBXResourcesBuildPhase;
			buildActionMask = 2147483647;
			files = (
				187D17C11B42437200E20007 /* Main.storyboard in Resources */,
				187D17C61B42437200E20007 /* LaunchScreen.xib in Resources */,
				187D17C31B42437200E20007 /* Images.xcassets in Resources */,
				187D17EF1B42445400E20007 /* ImageResources.bundle in Resources */,
			);
			runOnlyForDeploymentPostprocessing = 0;
		};
		187D17C91B42437200E20007 /* Resources */ = {
			isa = PBXResourcesBuildPhase;
			buildActionMask = 2147483647;
			files = (
			);
			runOnlyForDeploymentPostprocessing = 0;
		};
/* End PBXResourcesBuildPhase section */

/* Begin PBXSourcesBuildPhase section */
		187D17AE1B42437200E20007 /* Sources */ = {
			isa = PBXSourcesBuildPhase;
			buildActionMask = 2147483647;
			files = (
				187D17ED1B42444500E20007 /* SideScrollingLayout.m in Sources */,
				187D17BE1B42437200E20007 /* ViewController.m in Sources */,
				187D17EC1B42444500E20007 /* SideScrollingCheckCell.m in Sources */,
				187D17EA1B42444500E20007 /* HCollectionViewCell.m in Sources */,
				187D17BB1B42437200E20007 /* AppDelegate.m in Sources */,
				187D17B81B42437200E20007 /* main.m in Sources */,
				187D17E91B42444500E20007 /* AssetsLibraryD.m in Sources */,
				187D17EB1B42444500E20007 /* HySideScrollingImagePicker.m in Sources */,
			);
			runOnlyForDeploymentPostprocessing = 0;
		};
		187D17C71B42437200E20007 /* Sources */ = {
			isa = PBXSourcesBuildPhase;
			buildActionMask = 2147483647;
			files = (
				187D17D21B42437200E20007 /* HySideScrollingImagePickerTests.m in Sources */,
			);
			runOnlyForDeploymentPostprocessing = 0;
		};
/* End PBXSourcesBuildPhase section */

/* Begin PBXTargetDependency section */
		187D17CD1B42437200E20007 /* PBXTargetDependency */ = {
			isa = PBXTargetDependency;
			target = 187D17B11B42437200E20007 /* HySideScrollingImagePicker */;
			targetProxy = 187D17CC1B42437200E20007 /* PBXContainerItemProxy */;
		};
/* End PBXTargetDependency section */

/* Begin PBXVariantGroup section */
		187D17BF1B42437200E20007 /* Main.storyboard */ = {
			isa = PBXVariantGroup;
			children = (
				187D17C01B42437200E20007 /* Base */,
			);
			name = Main.storyboard;
			sourceTree = "<group>";
		};
		187D17C41B42437200E20007 /* LaunchScreen.xib */ = {
			isa = PBXVariantGroup;
			children = (
				187D17C51B42437200E20007 /* Base */,
			);
			name = LaunchScreen.xib;
			sourceTree = "<group>";
		};
/* End PBXVariantGroup section */

/* Begin XCBuildConfiguration section */
		187D17D31B42437200E20007 /* Debug */ = {
			isa = XCBuildConfiguration;
			buildSettings = {
				ALWAYS_SEARCH_USER_PATHS = NO;
				CLANG_CXX_LANGUAGE_STANDARD = "gnu++0x";
				CLANG_CXX_LIBRARY = "libc++";
				CLANG_ENABLE_MODULES = YES;
				CLANG_ENABLE_OBJC_ARC = YES;
				CLANG_WARN_BOOL_CONVERSION = YES;
				CLANG_WARN_CONSTANT_CONVERSION = YES;
				CLANG_WARN_DIRECT_OBJC_ISA_USAGE = YES_ERROR;
				CLANG_WARN_EMPTY_BODY = YES;
				CLANG_WARN_ENUM_CONVERSION = YES;
				CLANG_WARN_INT_CONVERSION = YES;
				CLANG_WARN_OBJC_ROOT_CLASS = YES_ERROR;
				CLANG_WARN_UNREACHABLE_CODE = YES;
				CLANG_WARN__DUPLICATE_METHOD_MATCH = YES;
				"CODE_SIGN_IDENTITY[sdk=iphoneos*]" = "iPhone Developer";
				COPY_PHASE_STRIP = NO;
				DEBUG_INFORMATION_FORMAT = "dwarf-with-dsym";
				ENABLE_STRICT_OBJC_MSGSEND = YES;
				GCC_C_LANGUAGE_STANDARD = gnu99;
				GCC_DYNAMIC_NO_PIC = NO;
				GCC_NO_COMMON_BLOCKS = YES;
				GCC_OPTIMIZATION_LEVEL = 0;
				GCC_PREPROCESSOR_DEFINITIONS = (
					"DEBUG=1",
					"$(inherited)",
				);
				GCC_SYMBOLS_PRIVATE_EXTERN = NO;
				GCC_WARN_64_TO_32_BIT_CONVERSION = YES;
				GCC_WARN_ABOUT_RETURN_TYPE = YES_ERROR;
				GCC_WARN_UNDECLARED_SELECTOR = YES;
				GCC_WARN_UNINITIALIZED_AUTOS = YES_AGGRESSIVE;
				GCC_WARN_UNUSED_FUNCTION = YES;
				GCC_WARN_UNUSED_VARIABLE = YES;
				IPHONEOS_DEPLOYMENT_TARGET = 8.3;
				MTL_ENABLE_DEBUG_INFO = YES;
				ONLY_ACTIVE_ARCH = YES;
				SDKROOT = iphoneos;
				TARGETED_DEVICE_FAMILY = "1,2";
			};
			name = Debug;
		};
		187D17D41B42437200E20007 /* Release */ = {
			isa = XCBuildConfiguration;
			buildSettings = {
				ALWAYS_SEARCH_USER_PATHS = NO;
				CLANG_CXX_LANGUAGE_STANDARD = "gnu++0x";
				CLANG_CXX_LIBRARY = "libc++";
				CLANG_ENABLE_MODULES = YES;
				CLANG_ENABLE_OBJC_ARC = YES;
				CLANG_WARN_BOOL_CONVERSION = YES;
				CLANG_WARN_CONSTANT_CONVERSION = YES;
				CLANG_WARN_DIRECT_OBJC_ISA_USAGE = YES_ERROR;
				CLANG_WARN_EMPTY_BODY = YES;
				CLANG_WARN_ENUM_CONVERSION = YES;
				CLANG_WARN_INT_CONVERSION = YES;
				CLANG_WARN_OBJC_ROOT_CLASS = YES_ERROR;
				CLANG_WARN_UNREACHABLE_CODE = YES;
				CLANG_WARN__DUPLICATE_METHOD_MATCH = YES;
				"CODE_SIGN_IDENTITY[sdk=iphoneos*]" = "iPhone Developer";
				COPY_PHASE_STRIP = NO;
				DEBUG_INFORMATION_FORMAT = "dwarf-with-dsym";
				ENABLE_NS_ASSERTIONS = NO;
				ENABLE_STRICT_OBJC_MSGSEND = YES;
				GCC_C_LANGUAGE_STANDARD = gnu99;
				GCC_NO_COMMON_BLOCKS = YES;
				GCC_WARN_64_TO_32_BIT_CONVERSION = YES;
				GCC_WARN_ABOUT_RETURN_TYPE = YES_ERROR;
				GCC_WARN_UNDECLARED_SELECTOR = YES;
				GCC_WARN_UNINITIALIZED_AUTOS = YES_AGGRESSIVE;
				GCC_WARN_UNUSED_FUNCTION = YES;
				GCC_WARN_UNUSED_VARIABLE = YES;
				IPHONEOS_DEPLOYMENT_TARGET = 8.3;
				MTL_ENABLE_DEBUG_INFO = NO;
				SDKROOT = iphoneos;
				TARGETED_DEVICE_FAMILY = "1,2";
				VALIDATE_PRODUCT = YES;
			};
			name = Release;
		};
		187D17D61B42437200E20007 /* Debug */ = {
			isa = XCBuildConfiguration;
			buildSettings = {
				ASSETCATALOG_COMPILER_APPICON_NAME = AppIcon;
				INFOPLIST_FILE = HySideScrollingImagePicker/Info.plist;
				LD_RUNPATH_SEARCH_PATHS = "$(inherited) @executable_path/Frameworks";
				PRODUCT_NAME = "$(TARGET_NAME)";
			};
			name = Debug;
		};
		187D17D71B42437200E20007 /* Release */ = {
			isa = XCBuildConfiguration;
			buildSettings = {
				ASSETCATALOG_COMPILER_APPICON_NAME = AppIcon;
				INFOPLIST_FILE = HySideScrollingImagePicker/Info.plist;
				LD_RUNPATH_SEARCH_PATHS = "$(inherited) @executable_path/Frameworks";
				PRODUCT_NAME = "$(TARGET_NAME)";
			};
			name = Release;
		};
		187D17D91B42437200E20007 /* Debug */ = {
			isa = XCBuildConfiguration;
			buildSettings = {
				BUNDLE_LOADER = "$(TEST_HOST)";
				FRAMEWORK_SEARCH_PATHS = (
					"$(SDKROOT)/Developer/Library/Frameworks",
					"$(inherited)",
				);
				GCC_PREPROCESSOR_DEFINITIONS = (
					"DEBUG=1",
					"$(inherited)",
				);
				INFOPLIST_FILE = HySideScrollingImagePickerTests/Info.plist;
				LD_RUNPATH_SEARCH_PATHS = "$(inherited) @executable_path/Frameworks @loader_path/Frameworks";
				PRODUCT_NAME = "$(TARGET_NAME)";
				TEST_HOST = "$(BUILT_PRODUCTS_DIR)/HySideScrollingImagePicker.app/HySideScrollingImagePicker";
			};
			name = Debug;
		};
		187D17DA1B42437200E20007 /* Release */ = {
			isa = XCBuildConfiguration;
			buildSettings = {
				BUNDLE_LOADER = "$(TEST_HOST)";
				FRAMEWORK_SEARCH_PATHS = (
					"$(SDKROOT)/Developer/Library/Frameworks",
					"$(inherited)",
				);
				INFOPLIST_FILE = HySideScrollingImagePickerTests/Info.plist;
				LD_RUNPATH_SEARCH_PATHS = "$(inherited) @executable_path/Frameworks @loader_path/Frameworks";
				PRODUCT_NAME = "$(TARGET_NAME)";
				TEST_HOST = "$(BUILT_PRODUCTS_DIR)/HySideScrollingImagePicker.app/HySideScrollingImagePicker";
			};
			name = Release;
		};
/* End XCBuildConfiguration section */

/* Begin XCConfigurationList section */
		187D17AD1B42437200E20007 /* Build configuration list for PBXProject "HySideScrollingImagePicker" */ = {
			isa = XCConfigurationList;
			buildConfigurations = (
				187D17D31B42437200E20007 /* Debug */,
				187D17D41B42437200E20007 /* Release */,
			);
			defaultConfigurationIsVisible = 0;
			defaultConfigurationName = Release;
		};
		187D17D51B42437200E20007 /* Build configuration list for PBXNativeTarget "HySideScrollingImagePicker" */ = {
			isa = XCConfigurationList;
			buildConfigurations = (
				187D17D61B42437200E20007 /* Debug */,
				187D17D71B42437200E20007 /* Release */,
			);
			defaultConfigurationIsVisible = 0;
		};
		187D17D81B42437200E20007 /* Build configuration list for PBXNativeTarget "HySideScrollingImagePickerTests" */ = {
			isa = XCConfigurationList;
			buildConfigurations = (
				187D17D91B42437200E20007 /* Debug */,
				187D17DA1B42437200E20007 /* Release */,
			);
			defaultConfigurationIsVisible = 0;
		};
/* End XCConfigurationList section */
	};
	rootObject = 187D17AA1B42437200E20007 /* Project object */;
}
